
Microsoft Visual Studio Solution File, Format Version 12.00
# Visual Studio Version 17
VisualStudioVersion = 17.9.34728.123
MinimumVisualStudioVersion = 10.0.40219.1
Project("{9A19103F-16F7-4668-BE54-9A1E7A4F7556}") = "DapperIdentity", "DapperIdentity\DapperIdentity.csproj", "{E73C1879-59FC-44C0-A4D0-3505A0DC77A8}"
EndProject
Project("{9A19103F-16F7-4668-BE54-9A1E7A4F7556}") = "DapperIdentity.JWT", "DapperIdentity.JWT\DapperIdentity.JWT.csproj", "{E1C673CD-7494-4BA9-AAB3-F0B40969AF50}"
EndProject
Project("{9A19103F-16F7-4668-BE54-9A1E7A4F7556}") = "DapperIdentity.Core", "DapperIdentity.Core\DapperIdentity.Core.csproj", "{C7980EEE-5F0F-4396-AC39-D4DF47FADC0B}"
EndProject
Project("{9A19103F-16F7-4668-BE54-9A1E7A4F7556}") = "DapperIdentity.JWT.Client", "DapperIdentity.JWT.Client\DapperIdentity.JWT.Client.csproj", "{D6A15952-72EC-4A65-856F-29ADFCDD901B}"
EndProject
Project("{9A19103F-16F7-4668-BE54-9A1E7A4F7556}") = "DapperIdentity.JWT.Server", "DapperIdentity.JWT.Server\DapperIdentity.JWT.Server.csproj", "{865AFC9D-288D-45E2-BAC7-A7357313D929}"
EndProject
Project("{FAE04EC0-301F-11D3-BF4B-00C04F79EFBC}") = "DapperIdentity.Cookies.Server", "DapperIdentity.Cookies\DapperIdentity.Cookies.Server.csproj", "{3B26001E-FB9E-49E1-88F2-70C859D29F57}"
EndProject
Global
	GlobalSection(SolutionConfigurationPlatforms) = preSolution
		Debug|Any CPU = Debug|Any CPU
		Release|Any CPU = Release|Any CPU
	EndGlobalSection
	GlobalSection(ProjectConfigurationPlatforms) = postSolution
		{E73C1879-59FC-44C0-A4D0-3505A0DC77A8}.Debug|Any CPU.ActiveCfg = Debug|Any CPU
		{E73C1879-59FC-44C0-A4D0-3505A0DC77A8}.Debug|Any CPU.Build.0 = Debug|Any CPU
		{E73C1879-59FC-44C0-A4D0-3505A0DC77A8}.Release|Any CPU.ActiveCfg = Release|Any CPU
		{E73C1879-59FC-44C0-A4D0-3505A0DC77A8}.Release|Any CPU.Build.0 = Release|Any CPU
		{E1C673CD-7494-4BA9-AAB3-F0B40969AF50}.Debug|Any CPU.ActiveCfg = Debug|Any CPU
		{E1C673CD-7494-4BA9-AAB3-F0B40969AF50}.Debug|Any CPU.Build.0 = Debug|Any CPU
		{E1C673CD-7494-4BA9-AAB3-F0B40969AF50}.Release|Any CPU.ActiveCfg = Release|Any CPU
		{E1C673CD-7494-4BA9-AAB3-F0B40969AF50}.Release|Any CPU.Build.0 = Release|Any CPU
		{C7980EEE-5F0F-4396-AC39-D4DF47FADC0B}.Debug|Any CPU.ActiveCfg = Debug|Any CPU
		{C7980EEE-5F0F-4396-AC39-D4DF47FADC0B}.Debug|Any CPU.Build.0 = Debug|Any CPU
		{C7980EEE-5F0F-4396-AC39-D4DF47FADC0B}.Release|Any CPU.ActiveCfg = Release|Any CPU
		{C7980EEE-5F0F-4396-AC39-D4DF47FADC0B}.Release|Any CPU.Build.0 = Release|Any CPU
		{D6A15952-72EC-4A65-856F-29ADFCDD901B}.Debug|Any CPU.ActiveCfg = Debug|Any CPU
		{D6A15952-72EC-4A65-856F-29ADFCDD901B}.Debug|Any CPU.Build.0 = Debug|Any CPU
		{D6A15952-72EC-4A65-856F-29ADFCDD901B}.Release|Any CPU.ActiveCfg = Release|Any CPU
		{D6A15952-72EC-4A65-856F-29ADFCDD901B}.Release|Any CPU.Build.0 = Release|Any CPU
		{865AFC9D-288D-45E2-BAC7-A7357313D929}.Debug|Any CPU.ActiveCfg = Debug|Any CPU
		{865AFC9D-288D-45E2-BAC7-A7357313D929}.Debug|Any CPU.Build.0 = Debug|Any CPU
		{865AFC9D-288D-45E2-BAC7-A7357313D929}.Release|Any CPU.ActiveCfg = Release|Any CPU
		{865AFC9D-288D-45E2-BAC7-A7357313D929}.Release|Any CPU.Build.0 = Release|Any CPU
		{3B26001E-FB9E-49E1-88F2-70C859D29F57}.Debug|Any CPU.ActiveCfg = Debug|Any CPU
		{3B26001E-FB9E-49E1-88F2-70C859D29F57}.Debug|Any CPU.Build.0 = Debug|Any CPU
		{3B26001E-FB9E-49E1-88F2-70C859D29F57}.Release|Any CPU.ActiveCfg = Release|Any CPU
		{3B26001E-FB9E-49E1-88F2-70C859D29F57}.Release|Any CPU.Build.0 = Release|Any CPU
	EndGlobalSection
	GlobalSection(SolutionProperties) = preSolution
		HideSolutionNode = FALSE
	EndGlobalSection
	GlobalSection(ExtensibilityGlobals) = postSolution
		SolutionGuid = {14E3224F-7CF3-4B33-947D-DFD49A49C3A2}
	EndGlobalSection
EndGlobal
